
Microsoft Visual Studio Solution File, Format Version 12.00
# Visual Studio Version 17
VisualStudioVersion = 17.0.31903.59
MinimumVisualStudioVersion = 10.0.40219.1
Project("{9A19103F-16F7-4668-BE54-9A1E7A4F7556}") = "ClipboardObserver", "ClipboardObserver\ClipboardObserver.csproj", "{C3997CA2-944B-49D0-AA47-081C0FFD5313}"
EndProject
Project("{9A19103F-16F7-4668-BE54-9A1E7A4F7556}") = "ClipboardObserver.PluginManagement", "ClipboardObserver.PluginManagement\ClipboardObserver.PluginManagement.csproj", "{709D9664-4212-4396-9560-C8553FDE6AC2}"
EndProject
Project("{9A19103F-16F7-4668-BE54-9A1E7A4F7556}") = "ClipboardObserver.Plugins.AwsCredentialsHandler", "ClipboardObserver.Plugins.AwsCredentialsHandler\ClipboardObserver.Plugins.AwsCredentialsHandler.csproj", "{7D48A1BF-9EC0-4B74-8C64-0B517E344DE7}"
EndProject
Project("{2150E333-8FDC-42A3-9474-1A3956D46DE8}") = "_General", "_General", "{706109C9-1CB2-44B7-859A-D4AF53302017}"
	ProjectSection(SolutionItems) = preProject
		README.md = README.md
	EndProjectSection
EndProject
Project("{FAE04EC0-301F-11D3-BF4B-00C04F79EFBC}") = "ClipboardObserver.Common", "ClipboardObserver.Common\ClipboardObserver.Common.csproj", "{ED55E37C-42F6-4A27-883F-2CF10612F606}"
EndProject
Global
	GlobalSection(SolutionConfigurationPlatforms) = preSolution
		Debug|Any CPU = Debug|Any CPU
		Release|Any CPU = Release|Any CPU
	EndGlobalSection
	GlobalSection(ProjectConfigurationPlatforms) = postSolution
		{C3997CA2-944B-49D0-AA47-081C0FFD5313}.Debug|Any CPU.ActiveCfg = Debug|Any CPU
		{C3997CA2-944B-49D0-AA47-081C0FFD5313}.Debug|Any CPU.Build.0 = Debug|Any CPU
		{C3997CA2-944B-49D0-AA47-081C0FFD5313}.Release|Any CPU.ActiveCfg = Release|Any CPU
		{C3997CA2-944B-49D0-AA47-081C0FFD5313}.Release|Any CPU.Build.0 = Release|Any CPU
		{89DF3D78-71A0-4E4F-9750-622FFB7595BD}.Debug|Any CPU.ActiveCfg = Debug|Any CPU
		{89DF3D78-71A0-4E4F-9750-622FFB7595BD}.Debug|Any CPU.Build.0 = Debug|Any CPU
		{89DF3D78-71A0-4E4F-9750-622FFB7595BD}.Release|Any CPU.ActiveCfg = Release|Any CPU
		{89DF3D78-71A0-4E4F-9750-622FFB7595BD}.Release|Any CPU.Build.0 = Release|Any CPU
		{709D9664-4212-4396-9560-C8553FDE6AC2}.Debug|Any CPU.ActiveCfg = Debug|Any CPU
		{709D9664-4212-4396-9560-C8553FDE6AC2}.Debug|Any CPU.Build.0 = Debug|Any CPU
		{709D9664-4212-4396-9560-C8553FDE6AC2}.Release|Any CPU.ActiveCfg = Release|Any CPU
		{709D9664-4212-4396-9560-C8553FDE6AC2}.Release|Any CPU.Build.0 = Release|Any CPU
		{7D48A1BF-9EC0-4B74-8C64-0B517E344DE7}.Debug|Any CPU.ActiveCfg = Debug|Any CPU
		{7D48A1BF-9EC0-4B74-8C64-0B517E344DE7}.Debug|Any CPU.Build.0 = Debug|Any CPU
		{7D48A1BF-9EC0-4B74-8C64-0B517E344DE7}.Release|Any CPU.ActiveCfg = Release|Any CPU
		{7D48A1BF-9EC0-4B74-8C64-0B517E344DE7}.Release|Any CPU.Build.0 = Release|Any CPU
		{ED55E37C-42F6-4A27-883F-2CF10612F606}.Debug|Any CPU.ActiveCfg = Debug|Any CPU
		{ED55E37C-42F6-4A27-883F-2CF10612F606}.Debug|Any CPU.Build.0 = Debug|Any CPU
		{ED55E37C-42F6-4A27-883F-2CF10612F606}.Release|Any CPU.ActiveCfg = Release|Any CPU
		{ED55E37C-42F6-4A27-883F-2CF10612F606}.Release|Any CPU.Build.0 = Release|Any CPU
	EndGlobalSection
	GlobalSection(SolutionProperties) = preSolution
		HideSolutionNode = FALSE
	EndGlobalSection
	GlobalSection(ExtensibilityGlobals) = postSolution
		SolutionGuid = {3021526A-D18E-43E6-9501-EA7B8E3550FD}
	EndGlobalSection
EndGlobal
