
Microsoft Visual Studio Solution File, Format Version 12.00
# Visual Studio Version 16
VisualStudioVersion = 16.0.31729.503
MinimumVisualStudioVersion = 10.0.40219.1
Project("{9A19103F-16F7-4668-BE54-9A1E7A4F7556}") = "ClipboardObserver", "ClipboardObserver\ClipboardObserver.csproj", "{C3997CA2-944B-49D0-AA47-081C0FFD5313}"
EndProject
Project("{FAE04EC0-301F-11D3-BF4B-00C04F79EFBC}") = "ClipboardObserver.Plugins.TestHandler", "ClipboardObserver.Plugins.TestHandler\ClipboardObserver.Plugins.TestHandler.csproj", "{89DF3D78-71A0-4E4F-9750-622FFB7595BD}"
EndProject
Project("{FAE04EC0-301F-11D3-BF4B-00C04F79EFBC}") = "ClipboardObserver.PluginManagement", "ClipboardObserver.PluginManagement\ClipboardObserver.PluginManagement.csproj", "{709D9664-4212-4396-9560-C8553FDE6AC2}"
EndProject
Project("{FAE04EC0-301F-11D3-BF4B-00C04F79EFBC}") = "ClipboardObserver.Plugins.AwsCredentialsHandler", "ClipboardObserver.Plugins.AwsCredentialsHandler\ClipboardObserver.Plugins.AwsCredentialsHandler.csproj", "{7D48A1BF-9EC0-4B74-8C64-0B517E344DE7}"
EndProject
Global
	GlobalSection(SolutionConfigurationPlatforms) = preSolution
		Debug|Any CPU = Debug|Any CPU
		Release|Any CPU = Release|Any CPU
	EndGlobalSection
	GlobalSection(ProjectConfigurationPlatforms) = postSolution
		{C3997CA2-944B-49D0-AA47-081C0FFD5313}.Debug|Any CPU.ActiveCfg = Debug|Any CPU
		{C3997CA2-944B-49D0-AA47-081C0FFD5313}.Debug|Any CPU.Build.0 = Debug|Any CPU
		{C3997CA2-944B-49D0-AA47-081C0FFD5313}.Release|Any CPU.ActiveCfg = Release|Any CPU
		{C3997CA2-944B-49D0-AA47-081C0FFD5313}.Release|Any CPU.Build.0 = Release|Any CPU
		{89DF3D78-71A0-4E4F-9750-622FFB7595BD}.Debug|Any CPU.ActiveCfg = Debug|Any CPU
		{89DF3D78-71A0-4E4F-9750-622FFB7595BD}.Debug|Any CPU.Build.0 = Debug|Any CPU
		{89DF3D78-71A0-4E4F-9750-622FFB7595BD}.Release|Any CPU.ActiveCfg = Release|Any CPU
		{89DF3D78-71A0-4E4F-9750-622FFB7595BD}.Release|Any CPU.Build.0 = Release|Any CPU
		{709D9664-4212-4396-9560-C8553FDE6AC2}.Debug|Any CPU.ActiveCfg = Debug|Any CPU
		{709D9664-4212-4396-9560-C8553FDE6AC2}.Debug|Any CPU.Build.0 = Debug|Any CPU
		{709D9664-4212-4396-9560-C8553FDE6AC2}.Release|Any CPU.ActiveCfg = Release|Any CPU
		{709D9664-4212-4396-9560-C8553FDE6AC2}.Release|Any CPU.Build.0 = Release|Any CPU
		{7D48A1BF-9EC0-4B74-8C64-0B517E344DE7}.Debug|Any CPU.ActiveCfg = Debug|Any CPU
		{7D48A1BF-9EC0-4B74-8C64-0B517E344DE7}.Debug|Any CPU.Build.0 = Debug|Any CPU
		{7D48A1BF-9EC0-4B74-8C64-0B517E344DE7}.Release|Any CPU.ActiveCfg = Release|Any CPU
		{7D48A1BF-9EC0-4B74-8C64-0B517E344DE7}.Release|Any CPU.Build.0 = Release|Any CPU
	EndGlobalSection
	GlobalSection(SolutionProperties) = preSolution
		HideSolutionNode = FALSE
	EndGlobalSection
	GlobalSection(ExtensibilityGlobals) = postSolution
		SolutionGuid = {3021526A-D18E-43E6-9501-EA7B8E3550FD}
	EndGlobalSection
EndGlobal
